
Microsoft Visual Studio Solution File, Format Version 12.00
# Visual Studio 15
VisualStudioVersion = 15.0.26730.16
MinimumVisualStudioVersion = 10.0.40219.1
Project("{FAE04EC0-301F-11D3-BF4B-00C04F79EFBC}") = "SellNbuy", "SellNbuy\SellNbuy.csproj", "{E60F8FB5-E11B-46F9-8942-57494CB76D44}"
EndProject
Project("{F088123C-0E9E-452A-89E6-6BA2F21D5CAC}") = "ModelingProject1", "ModelingProject1\ModelingProject1.modelproj", "{AD410515-056C-45CA-BFD4-2ECE7E479957}"
EndProject
Project("{FAE04EC0-301F-11D3-BF4B-00C04F79EFBC}") = "BLL", "BLL\BLL.csproj", "{B4181A69-CFE7-44C1-A307-4B18A60FD79F}"
EndProject
Project("{FAE04EC0-301F-11D3-BF4B-00C04F79EFBC}") = "DAL", "DAL\DAL.csproj", "{155C6825-E530-486C-BA8E-0C8D73D467C3}"
EndProject
Global
	GlobalSection(SolutionConfigurationPlatforms) = preSolution
		Debug|Any CPU = Debug|Any CPU
		Release|Any CPU = Release|Any CPU
	EndGlobalSection
	GlobalSection(ProjectConfigurationPlatforms) = postSolution
		{E60F8FB5-E11B-46F9-8942-57494CB76D44}.Debug|Any CPU.ActiveCfg = Debug|Any CPU
		{E60F8FB5-E11B-46F9-8942-57494CB76D44}.Debug|Any CPU.Build.0 = Debug|Any CPU
		{E60F8FB5-E11B-46F9-8942-57494CB76D44}.Release|Any CPU.ActiveCfg = Release|Any CPU
		{E60F8FB5-E11B-46F9-8942-57494CB76D44}.Release|Any CPU.Build.0 = Release|Any CPU
		{AD410515-056C-45CA-BFD4-2ECE7E479957}.Debug|Any CPU.ActiveCfg = Debug|Any CPU
		{AD410515-056C-45CA-BFD4-2ECE7E479957}.Debug|Any CPU.Build.0 = Debug|Any CPU
		{AD410515-056C-45CA-BFD4-2ECE7E479957}.Release|Any CPU.ActiveCfg = Release|Any CPU
		{AD410515-056C-45CA-BFD4-2ECE7E479957}.Release|Any CPU.Build.0 = Release|Any CPU
		{B4181A69-CFE7-44C1-A307-4B18A60FD79F}.Debug|Any CPU.ActiveCfg = Debug|Any CPU
		{B4181A69-CFE7-44C1-A307-4B18A60FD79F}.Debug|Any CPU.Build.0 = Debug|Any CPU
		{B4181A69-CFE7-44C1-A307-4B18A60FD79F}.Release|Any CPU.ActiveCfg = Release|Any CPU
		{B4181A69-CFE7-44C1-A307-4B18A60FD79F}.Release|Any CPU.Build.0 = Release|Any CPU
		{155C6825-E530-486C-BA8E-0C8D73D467C3}.Debug|Any CPU.ActiveCfg = Debug|Any CPU
		{155C6825-E530-486C-BA8E-0C8D73D467C3}.Debug|Any CPU.Build.0 = Debug|Any CPU
		{155C6825-E530-486C-BA8E-0C8D73D467C3}.Release|Any CPU.ActiveCfg = Release|Any CPU
		{155C6825-E530-486C-BA8E-0C8D73D467C3}.Release|Any CPU.Build.0 = Release|Any CPU
	EndGlobalSection
	GlobalSection(SolutionProperties) = preSolution
		HideSolutionNode = FALSE
	EndGlobalSection
	GlobalSection(ExtensibilityGlobals) = postSolution
		SolutionGuid = {616E2473-6E35-42D6-B2C2-268758F49A7E}
	EndGlobalSection
EndGlobal
